
Microsoft Visual Studio Solution File, Format Version 12.00
# Visual Studio Version 16
VisualStudioVersion = 16.0.35325.158
MinimumVisualStudioVersion = 10.0.40219.1
Project("{888888A0-9F3D-457C-B088-3A5042F75D52}") = "Sorting", "Sorting\Sorting.pyproj", "{8F832F40-8F4B-43A5-82D9-72645C45C523}"
EndProject
Global
	GlobalSection(SolutionConfigurationPlatforms) = preSolution
		Debug|Any CPU = Debug|Any CPU
		Release|Any CPU = Release|Any CPU
	EndGlobalSection
	GlobalSection(ProjectConfigurationPlatforms) = postSolution
		{8F832F40-8F4B-43A5-82D9-72645C45C523}.Debug|Any CPU.ActiveCfg = Debug|Any CPU
		{8F832F40-8F4B-43A5-82D9-72645C45C523}.Release|Any CPU.ActiveCfg = Release|Any CPU
	EndGlobalSection
	GlobalSection(SolutionProperties) = preSolution
		HideSolutionNode = FALSE
	EndGlobalSection
	GlobalSection(ExtensibilityGlobals) = postSolution
		SolutionGuid = {6CCB08F9-35CF-48BE-84CD-169FAB396E42}
	EndGlobalSection
EndGlobal
